
Microsoft Visual Studio Solution File, Format Version 12.00
# Visual Studio Version 17
VisualStudioVersion = 17.10.34707.107
MinimumVisualStudioVersion = 10.0.40219.1
Project("{9A19103F-16F7-4668-BE54-9A1E7A4F7556}") = "QuickConfig", "src\Quick\QuickConfig\QuickConfig.csproj", "{55B0646E-31E4-4FB9-A6F6-D453FDF6380E}"
EndProject
Project("{9A19103F-16F7-4668-BE54-9A1E7A4F7556}") = "QuickConfigClient", "src\Quick\QuickConfigClient\QuickConfigClient.csproj", "{EDD90495-8E30-458E-9FE6-0DF9309EEB00}"
EndProject
Project("{9A19103F-16F7-4668-BE54-9A1E7A4F7556}") = "QuickSteno", "src\Quick\QuickSteno\QuickSteno.csproj", "{792DCA4C-6E7A-4A1E-92B4-20067621AC20}"
EndProject
Project("{9A19103F-16F7-4668-BE54-9A1E7A4F7556}") = "QuickBot", "src\Quick\QuickBot\QuickBot.csproj", "{F866231A-C636-4527-8888-8418E673391F}"
EndProject
Project("{FAE04EC0-301F-11D3-BF4B-00C04F79EFBC}") = "QuickTools.Core", "QuickTools.Core\QuickTools.Core.csproj", "{6C0E3974-597F-4EC2-B285-8F28757FC7FF}"
EndProject
Global
	GlobalSection(SolutionConfigurationPlatforms) = preSolution
		Debug|Any CPU = Debug|Any CPU
		Release|Any CPU = Release|Any CPU
	EndGlobalSection
	GlobalSection(ProjectConfigurationPlatforms) = postSolution
		{55B0646E-31E4-4FB9-A6F6-D453FDF6380E}.Debug|Any CPU.ActiveCfg = Debug|Any CPU
		{55B0646E-31E4-4FB9-A6F6-D453FDF6380E}.Debug|Any CPU.Build.0 = Debug|Any CPU
		{55B0646E-31E4-4FB9-A6F6-D453FDF6380E}.Release|Any CPU.ActiveCfg = Release|Any CPU
		{55B0646E-31E4-4FB9-A6F6-D453FDF6380E}.Release|Any CPU.Build.0 = Release|Any CPU
		{EDD90495-8E30-458E-9FE6-0DF9309EEB00}.Debug|Any CPU.ActiveCfg = Debug|Any CPU
		{EDD90495-8E30-458E-9FE6-0DF9309EEB00}.Debug|Any CPU.Build.0 = Debug|Any CPU
		{EDD90495-8E30-458E-9FE6-0DF9309EEB00}.Release|Any CPU.ActiveCfg = Release|Any CPU
		{EDD90495-8E30-458E-9FE6-0DF9309EEB00}.Release|Any CPU.Build.0 = Release|Any CPU
		{792DCA4C-6E7A-4A1E-92B4-20067621AC20}.Debug|Any CPU.ActiveCfg = Debug|Any CPU
		{792DCA4C-6E7A-4A1E-92B4-20067621AC20}.Debug|Any CPU.Build.0 = Debug|Any CPU
		{792DCA4C-6E7A-4A1E-92B4-20067621AC20}.Release|Any CPU.ActiveCfg = Release|Any CPU
		{792DCA4C-6E7A-4A1E-92B4-20067621AC20}.Release|Any CPU.Build.0 = Release|Any CPU
		{F866231A-C636-4527-8888-8418E673391F}.Debug|Any CPU.ActiveCfg = Debug|Any CPU
		{F866231A-C636-4527-8888-8418E673391F}.Debug|Any CPU.Build.0 = Debug|Any CPU
		{F866231A-C636-4527-8888-8418E673391F}.Release|Any CPU.ActiveCfg = Release|Any CPU
		{F866231A-C636-4527-8888-8418E673391F}.Release|Any CPU.Build.0 = Release|Any CPU
		{6C0E3974-597F-4EC2-B285-8F28757FC7FF}.Debug|Any CPU.ActiveCfg = Debug|Any CPU
		{6C0E3974-597F-4EC2-B285-8F28757FC7FF}.Debug|Any CPU.Build.0 = Debug|Any CPU
		{6C0E3974-597F-4EC2-B285-8F28757FC7FF}.Release|Any CPU.ActiveCfg = Release|Any CPU
		{6C0E3974-597F-4EC2-B285-8F28757FC7FF}.Release|Any CPU.Build.0 = Release|Any CPU
	EndGlobalSection
	GlobalSection(SolutionProperties) = preSolution
		HideSolutionNode = FALSE
	EndGlobalSection
	GlobalSection(ExtensibilityGlobals) = postSolution
		SolutionGuid = {4FB7C36C-8638-4899-8828-D7F99756269E}
	EndGlobalSection
EndGlobal
